// !$*UTF8*$!
{
	archiveVersion = 1;
	classes = {
	};
	objectVersion = 77;
	objects = {

/* Begin PBXContainerItemProxy section */
		13531BB92E5C7A9B002A85BB /* PBXContainerItemProxy */ = {
			isa = PBXContainerItemProxy;
			containerPortal = 13531BA32E5C7A99002A85BB /* Project object */;
			proxyType = 1;
			remoteGlobalIDString = 13531BAA2E5C7A99002A85BB;
			remoteInfo = platzi_swiftui_uikit;
		};
		13531BC32E5C7A9B002A85BB /* PBXContainerItemProxy */ = {
			isa = PBXContainerItemProxy;
			containerPortal = 13531BA32E5C7A99002A85BB /* Project object */;
			proxyType = 1;
			remoteGlobalIDString = 13531BAA2E5C7A99002A85BB;
			remoteInfo = platzi_swiftui_uikit;
		};
/* End PBXContainerItemProxy section */

/* Begin PBXFileReference section */
		13531BAB2E5C7A99002A85BB /* platzi_swiftui_uikit.app */ = {isa = PBXFileReference; explicitFileType = wrapper.application; includeInIndex = 0; path = platzi_swiftui_uikit.app; sourceTree = BUILT_PRODUCTS_DIR; };
		13531BB82E5C7A9B002A85BB /* platzi_swiftui_uikitTests.xctest */ = {isa = PBXFileReference; explicitFileType = wrapper.cfbundle; includeInIndex = 0; path = platzi_swiftui_uikitTests.xctest; sourceTree = BUILT_PRODUCTS_DIR; };
		13531BC22E5C7A9B002A85BB /* platzi_swiftui_uikitUITests.xctest */ = {isa = PBXFileReference; explicitFileType = wrapper.cfbundle; includeInIndex = 0; path = platzi_swiftui_uikitUITests.xctest; sourceTree = BUILT_PRODUCTS_DIR; };
/* End PBXFileReference section */

/* Begin PBXFileSystemSynchronizedRootGroup section */
		13531BAD2E5C7A99002A85BB /* platzi_swiftui_uikit */ = {
			isa = PBXFileSystemSynchronizedRootGroup;
			path = platzi_swiftui_uikit;
			sourceTree = "<group>";
		};
		13531BBB2E5C7A9B002A85BB /* platzi_swiftui_uikitTests */ = {
			isa = PBXFileSystemSynchronizedRootGroup;
			path = platzi_swiftui_uikitTests;
			sourceTree = "<group>";
		};
		13531BC52E5C7A9B002A85BB /* platzi_swiftui_uikitUITests */ = {
			isa = PBXFileSystemSynchronizedRootGroup;
			path = platzi_swiftui_uikitUITests;
			sourceTree = "<group>";
		};
/* End PBXFileSystemSynchronizedRootGroup section */

/* Begin PBXFrameworksBuildPhase section */
		13531BA82E5C7A99002A85BB /* Frameworks */ = {
			isa = PBXFrameworksBuildPhase;
			buildActionMask = 2147483647;
			files = (
			);
			runOnlyForDeploymentPostprocessing = 0;
		};
		13531BB52E5C7A9B002A85BB /* Frameworks */ = {
			isa = PBXFrameworksBuildPhase;
			buildActionMask = 2147483647;
			files = (
			);
			runOnlyForDeploymentPostprocessing = 0;
		};
		13531BBF2E5C7A9B002A85BB /* Frameworks */ = {
			isa = PBXFrameworksBuildPhase;
			buildActionMask = 2147483647;
			files = (
			);
			runOnlyForDeploymentPostprocessing = 0;
		};
/* End PBXFrameworksBuildPhase section */

/* Begin PBXGroup section */
		13531BA22E5C7A99002A85BB = {
			isa = PBXGroup;
			children = (
				13531BAD2E5C7A99002A85BB /* platzi_swiftui_uikit */,
				13531BBB2E5C7A9B002A85BB /* platzi_swiftui_uikitTests */,
				13531BC52E5C7A9B002A85BB /* platzi_swiftui_uikitUITests */,
				13531BAC2E5C7A99002A85BB /* Products */,
			);
			sourceTree = "<group>";
		};
		13531BAC2E5C7A99002A85BB /* Products */ = {
			isa = PBXGroup;
			children = (
				13531BAB2E5C7A99002A85BB /* platzi_swiftui_uikit.app */,
				13531BB82E5C7A9B002A85BB /* platzi_swiftui_uikitTests.xctest */,
				13531BC22E5C7A9B002A85BB /* platzi_swiftui_uikitUITests.xctest */,
			);
			name = Products;
			sourceTree = "<group>";
		};
/* End PBXGroup section */

/* Begin PBXNativeTarget section */
		13531BAA2E5C7A99002A85BB /* platzi_swiftui_uikit */ = {
			isa = PBXNativeTarget;
			buildConfigurationList = 13531BCC2E5C7A9B002A85BB /* Build configuration list for PBXNativeTarget "platzi_swiftui_uikit" */;
			buildPhases = (
				13531BA72E5C7A99002A85BB /* Sources */,
				13531BA82E5C7A99002A85BB /* Frameworks */,
				13531BA92E5C7A99002A85BB /* Resources */,
			);
			buildRules = (
			);
			dependencies = (
			);
			fileSystemSynchronizedGroups = (
				13531BAD2E5C7A99002A85BB /* platzi_swiftui_uikit */,
			);
			name = platzi_swiftui_uikit;
			packageProductDependencies = (
			);
			productName = platzi_swiftui_uikit;
			productReference = 13531BAB2E5C7A99002A85BB /* platzi_swiftui_uikit.app */;
			productType = "com.apple.product-type.application";
		};
		13531BB72E5C7A9B002A85BB /* platzi_swiftui_uikitTests */ = {
			isa = PBXNativeTarget;
			buildConfigurationList = 13531BCF2E5C7A9B002A85BB /* Build configuration list for PBXNativeTarget "platzi_swiftui_uikitTests" */;
			buildPhases = (
				13531BB42E5C7A9B002A85BB /* Sources */,
				13531BB52E5C7A9B002A85BB /* Frameworks */,
				13531BB62E5C7A9B002A85BB /* Resources */,
			);
			buildRules = (
			);
			dependencies = (
				13531BBA2E5C7A9B002A85BB /* PBXTargetDependency */,
			);
			fileSystemSynchronizedGroups = (
				13531BBB2E5C7A9B002A85BB /* platzi_swiftui_uikitTests */,
			);
			name = platzi_swiftui_uikitTests;
			packageProductDependencies = (
			);
			productName = platzi_swiftui_uikitTests;
			productReference = 13531BB82E5C7A9B002A85BB /* platzi_swiftui_uikitTests.xctest */;
			productType = "com.apple.product-type.bundle.unit-test";
		};
		13531BC12E5C7A9B002A85BB /* platzi_swiftui_uikitUITests */ = {
			isa = PBXNativeTarget;
			buildConfigurationList = 13531BD22E5C7A9B002A85BB /* Build configuration list for PBXNativeTarget "platzi_swiftui_uikitUITests" */;
			buildPhases = (
				13531BBE2E5C7A9B002A85BB /* Sources */,
				13531BBF2E5C7A9B002A85BB /* Frameworks */,
				13531BC02E5C7A9B002A85BB /* Resources */,
			);
			buildRules = (
			);
			dependencies = (
				13531BC42E5C7A9B002A85BB /* PBXTargetDependency */,
			);
			fileSystemSynchronizedGroups = (
				13531BC52E5C7A9B002A85BB /* platzi_swiftui_uikitUITests */,
			);
			name = platzi_swiftui_uikitUITests;
			packageProductDependencies = (
			);
			productName = platzi_swiftui_uikitUITests;
			productReference = 13531BC22E5C7A9B002A85BB /* platzi_swiftui_uikitUITests.xctest */;
			productType = "com.apple.product-type.bundle.ui-testing";
		};
/* End PBXNativeTarget section */

/* Begin PBXProject section */
		13531BA32E5C7A99002A85BB /* Project object */ = {
			isa = PBXProject;
			attributes = {
				BuildIndependentTargetsInParallel = 1;
				LastSwiftUpdateCheck = 1640;
				LastUpgradeCheck = 1640;
				TargetAttributes = {
					13531BAA2E5C7A99002A85BB = {
						CreatedOnToolsVersion = 16.4;
					};
					13531BB72E5C7A9B002A85BB = {
						CreatedOnToolsVersion = 16.4;
						TestTargetID = 13531BAA2E5C7A99002A85BB;
					};
					13531BC12E5C7A9B002A85BB = {
						CreatedOnToolsVersion = 16.4;
						TestTargetID = 13531BAA2E5C7A99002A85BB;
					};
				};
			};
			buildConfigurationList = 13531BA62E5C7A99002A85BB /* Build configuration list for PBXProject "platzi_swiftui_uikit" */;
			developmentRegion = en;
			hasScannedForEncodings = 0;
			knownRegions = (
				en,
				Base,
			);
			mainGroup = 13531BA22E5C7A99002A85BB;
			minimizedProjectReferenceProxies = 1;
			preferredProjectObjectVersion = 77;
			productRefGroup = 13531BAC2E5C7A99002A85BB /* Products */;
			projectDirPath = "";
			projectRoot = "";
			targets = (
				13531BAA2E5C7A99002A85BB /* platzi_swiftui_uikit */,
				13531BB72E5C7A9B002A85BB /* platzi_swiftui_uikitTests */,
				13531BC12E5C7A9B002A85BB /* platzi_swiftui_uikitUITests */,
			);
		};
/* End PBXProject section */

/* Begin PBXResourcesBuildPhase section */
		13531BA92E5C7A99002A85BB /* Resources */ = {
			isa = PBXResourcesBuildPhase;
			buildActionMask = 2147483647;
			files = (
			);
			runOnlyForDeploymentPostprocessing = 0;
		};
		13531BB62E5C7A9B002A85BB /* Resources */ = {
			isa = PBXResourcesBuildPhase;
			buildActionMask = 2147483647;
			files = (
			);
			runOnlyForDeploymentPostprocessing = 0;
		};
		13531BC02E5C7A9B002A85BB /* Resources */ = {
			isa = PBXResourcesBuildPhase;
			buildActionMask = 2147483647;
			files = (
			);
			runOnlyForDeploymentPostprocessing = 0;
		};
/* End PBXResourcesBuildPhase section */

/* Begin PBXSourcesBuildPhase section */
		13531BA72E5C7A99002A85BB /* Sources */ = {
			isa = PBXSourcesBuildPhase;
			buildActionMask = 2147483647;
			files = (
			);
			runOnlyForDeploymentPostprocessing = 0;
		};
		13531BB42E5C7A9B002A85BB /* Sources */ = {
			isa = PBXSourcesBuildPhase;
			buildActionMask = 2147483647;
			files = (
			);
			runOnlyForDeploymentPostprocessing = 0;
		};
		13531BBE2E5C7A9B002A85BB /* Sources */ = {
			isa = PBXSourcesBuildPhase;
			buildActionMask = 2147483647;
			files = (
			);
			runOnlyForDeploymentPostprocessing = 0;
		};
/* End PBXSourcesBuildPhase section */

/* Begin PBXTargetDependency section */
		13531BBA2E5C7A9B002A85BB /* PBXTargetDependency */ = {
			isa = PBXTargetDependency;
			target = 13531BAA2E5C7A99002A85BB /* platzi_swiftui_uikit */;
			targetProxy = 13531BB92E5C7A9B002A85BB /* PBXContainerItemProxy */;
		};
		13531BC42E5C7A9B002A85BB /* PBXTargetDependency */ = {
			isa = PBXTargetDependency;
			target = 13531BAA2E5C7A99002A85BB /* platzi_swiftui_uikit */;
			targetProxy = 13531BC32E5C7A9B002A85BB /* PBXContainerItemProxy */;
		};
/* End PBXTargetDependency section */

/* Begin XCBuildConfiguration section */
		13531BCA2E5C7A9B002A85BB /* Debug */ = {
			isa = XCBuildConfiguration;
			buildSettings = {
				ALWAYS_SEARCH_USER_PATHS = NO;
				ASSETCATALOG_COMPILER_GENERATE_SWIFT_ASSET_SYMBOL_EXTENSIONS = YES;
				CLANG_ANALYZER_NONNULL = YES;
				CLANG_ANALYZER_NUMBER_OBJECT_CONVERSION = YES_AGGRESSIVE;
				CLANG_CXX_LANGUAGE_STANDARD = "gnu++20";
				CLANG_ENABLE_MODULES = YES;
				CLANG_ENABLE_OBJC_ARC = YES;
				CLANG_ENABLE_OBJC_WEAK = YES;
				CLANG_WARN_BLOCK_CAPTURE_AUTORELEASING = YES;
				CLANG_WARN_BOOL_CONVERSION = YES;
				CLANG_WARN_COMMA = YES;
				CLANG_WARN_CONSTANT_CONVERSION = YES;
				CLANG_WARN_DEPRECATED_OBJC_IMPLEMENTATIONS = YES;
				CLANG_WARN_DIRECT_OBJC_ISA_USAGE = YES_ERROR;
				CLANG_WARN_DOCUMENTATION_COMMENTS = YES;
				CLANG_WARN_EMPTY_BODY = YES;
				CLANG_WARN_ENUM_CONVERSION = YES;
				CLANG_WARN_INFINITE_RECURSION = YES;
				CLANG_WARN_INT_CONVERSION = YES;
				CLANG_WARN_NON_LITERAL_NULL_CONVERSION = YES;
				CLANG_WARN_OBJC_IMPLICIT_RETAIN_SELF = YES;
				CLANG_WARN_OBJC_LITERAL_CONVERSION = YES;
				CLANG_WARN_OBJC_ROOT_CLASS = YES_ERROR;
				CLANG_WARN_QUOTED_INCLUDE_IN_FRAMEWORK_HEADER = YES;
				CLANG_WARN_RANGE_LOOP_ANALYSIS = YES;
				CLANG_WARN_STRICT_PROTOTYPES = YES;
				CLANG_WARN_SUSPICIOUS_MOVE = YES;
				CLANG_WARN_UNGUARDED_AVAILABILITY = YES_AGGRESSIVE;
				CLANG_WARN_UNREACHABLE_CODE = YES;
				CLANG_WARN__DUPLICATE_METHOD_MATCH = YES;
				COPY_PHASE_STRIP = NO;
				DEBUG_INFORMATION_FORMAT = dwarf;
				ENABLE_STRICT_OBJC_MSGSEND = YES;
				ENABLE_TESTABILITY = YES;
				ENABLE_USER_SCRIPT_SANDBOXING = YES;
				GCC_C_LANGUAGE_STANDARD = gnu17;
				GCC_DYNAMIC_NO_PIC = NO;
				GCC_NO_COMMON_BLOCKS = YES;
				GCC_OPTIMIZATION_LEVEL = 0;
				GCC_PREPROCESSOR_DEFINITIONS = (
					"DEBUG=1",
					"$(inherited)",
				);
				GCC_WARN_64_TO_32_BIT_CONVERSION = YES;
				GCC_WARN_ABOUT_RETURN_TYPE = YES_ERROR;
				GCC_WARN_UNDECLARED_SELECTOR = YES;
				GCC_WARN_UNINITIALIZED_AUTOS = YES_AGGRESSIVE;
				GCC_WARN_UNUSED_FUNCTION = YES;
				GCC_WARN_UNUSED_VARIABLE = YES;
				IPHONEOS_DEPLOYMENT_TARGET = 18.5;
				LOCALIZATION_PREFERS_STRING_CATALOGS = YES;
				MTL_ENABLE_DEBUG_INFO = INCLUDE_SOURCE;
				MTL_FAST_MATH = YES;
				ONLY_ACTIVE_ARCH = YES;
				SDKROOT = iphoneos;
				SWIFT_ACTIVE_COMPILATION_CONDITIONS = "DEBUG $(inherited)";
				SWIFT_OPTIMIZATION_LEVEL = "-Onone";
			};
			name = Debug;
		};
		13531BCB2E5C7A9B002A85BB /* Release */ = {
			isa = XCBuildConfiguration;
			buildSettings = {
				ALWAYS_SEARCH_USER_PATHS = NO;
				ASSETCATALOG_COMPILER_GENERATE_SWIFT_ASSET_SYMBOL_EXTENSIONS = YES;
				CLANG_ANALYZER_NONNULL = YES;
				CLANG_ANALYZER_NUMBER_OBJECT_CONVERSION = YES_AGGRESSIVE;
				CLANG_CXX_LANGUAGE_STANDARD = "gnu++20";
				CLANG_ENABLE_MODULES = YES;
				CLANG_ENABLE_OBJC_ARC = YES;
				CLANG_ENABLE_OBJC_WEAK = YES;
				CLANG_WARN_BLOCK_CAPTURE_AUTORELEASING = YES;
				CLANG_WARN_BOOL_CONVERSION = YES;
				CLANG_WARN_COMMA = YES;
				CLANG_WARN_CONSTANT_CONVERSION = YES;
				CLANG_WARN_DEPRECATED_OBJC_IMPLEMENTATIONS = YES;
				CLANG_WARN_DIRECT_OBJC_ISA_USAGE = YES_ERROR;
				CLANG_WARN_DOCUMENTATION_COMMENTS = YES;
				CLANG_WARN_EMPTY_BODY = YES;
				CLANG_WARN_ENUM_CONVERSION = YES;
				CLANG_WARN_INFINITE_RECURSION = YES;
				CLANG_WARN_INT_CONVERSION = YES;
				CLANG_WARN_NON_LITERAL_NULL_CONVERSION = YES;
				CLANG_WARN_OBJC_IMPLICIT_RETAIN_SELF = YES;
				CLANG_WARN_OBJC_LITERAL_CONVERSION = YES;
				CLANG_WARN_OBJC_ROOT_CLASS = YES_ERROR;
				CLANG_WARN_QUOTED_INCLUDE_IN_FRAMEWORK_HEADER = YES;
				CLANG_WARN_RANGE_LOOP_ANALYSIS = YES;
				CLANG_WARN_STRICT_PROTOTYPES = YES;
				CLANG_WARN_SUSPICIOUS_MOVE = YES;
				CLANG_WARN_UNGUARDED_AVAILABILITY = YES_AGGRESSIVE;
				CLANG_WARN_UNREACHABLE_CODE = YES;
				CLANG_WARN__DUPLICATE_METHOD_MATCH = YES;
				COPY_PHASE_STRIP = NO;
				DEBUG_INFORMATION_FORMAT = "dwarf-with-dsym";
				ENABLE_NS_ASSERTIONS = NO;
				ENABLE_STRICT_OBJC_MSGSEND = YES;
				ENABLE_USER_SCRIPT_SANDBOXING = YES;
				GCC_C_LANGUAGE_STANDARD = gnu17;
				GCC_NO_COMMON_BLOCKS = YES;
				GCC_WARN_64_TO_32_BIT_CONVERSION = YES;
				GCC_WARN_ABOUT_RETURN_TYPE = YES_ERROR;
				GCC_WARN_UNDECLARED_SELECTOR = YES;
				GCC_WARN_UNINITIALIZED_AUTOS = YES_AGGRESSIVE;
				GCC_WARN_UNUSED_FUNCTION = YES;
				GCC_WARN_UNUSED_VARIABLE = YES;
				IPHONEOS_DEPLOYMENT_TARGET = 18.5;
				LOCALIZATION_PREFERS_STRING_CATALOGS = YES;
				MTL_ENABLE_DEBUG_INFO = NO;
				MTL_FAST_MATH = YES;
				SDKROOT = iphoneos;
				SWIFT_COMPILATION_MODE = wholemodule;
				VALIDATE_PRODUCT = YES;
			};
			name = Release;
		};
		13531BCD2E5C7A9B002A85BB /* Debug */ = {
			isa = XCBuildConfiguration;
			buildSettings = {
				ASSETCATALOG_COMPILER_APPICON_NAME = AppIcon;
				ASSETCATALOG_COMPILER_GLOBAL_ACCENT_COLOR_NAME = AccentColor;
				CODE_SIGN_STYLE = Automatic;
				CURRENT_PROJECT_VERSION = 1;
				ENABLE_PREVIEWS = YES;
				GENERATE_INFOPLIST_FILE = YES;
				INFOPLIST_KEY_UIApplicationSceneManifest_Generation = YES;
				INFOPLIST_KEY_UIApplicationSupportsIndirectInputEvents = YES;
				INFOPLIST_KEY_UILaunchScreen_Generation = YES;
				INFOPLIST_KEY_UISupportedInterfaceOrientations_iPad = "UIInterfaceOrientationPortrait UIInterfaceOrientationPortraitUpsideDown UIInterfaceOrientationLandscapeLeft UIInterfaceOrientationLandscapeRight";
				INFOPLIST_KEY_UISupportedInterfaceOrientations_iPhone = "UIInterfaceOrientationPortrait UIInterfaceOrientationLandscapeLeft UIInterfaceOrientationLandscapeRight";
				LD_RUNPATH_SEARCH_PATHS = (
					"$(inherited)",
					"@executable_path/Frameworks",
				);
				MARKETING_VERSION = 1.0;
				PRODUCT_BUNDLE_IDENTIFIER = "asdasd.platzi-swiftui-uikit";
				PRODUCT_NAME = "$(TARGET_NAME)";
				SWIFT_EMIT_LOC_STRINGS = YES;
				SWIFT_VERSION = 5.0;
				TARGETED_DEVICE_FAMILY = "1,2";
			};
			name = Debug;
		};
		13531BCE2E5C7A9B002A85BB /* Release */ = {
			isa = XCBuildConfiguration;
			buildSettings = {
				ASSETCATALOG_COMPILER_APPICON_NAME = AppIcon;
				ASSETCATALOG_COMPILER_GLOBAL_ACCENT_COLOR_NAME = AccentColor;
				CODE_SIGN_STYLE = Automatic;
				CURRENT_PROJECT_VERSION = 1;
				ENABLE_PREVIEWS = YES;
				GENERATE_INFOPLIST_FILE = YES;
				INFOPLIST_KEY_UIApplicationSceneManifest_Generation = YES;
				INFOPLIST_KEY_UIApplicationSupportsIndirectInputEvents = YES;
				INFOPLIST_KEY_UILaunchScreen_Generation = YES;
				INFOPLIST_KEY_UISupportedInterfaceOrientations_iPad = "UIInterfaceOrientationPortrait UIInterfaceOrientationPortraitUpsideDown UIInterfaceOrientationLandscapeLeft UIInterfaceOrientationLandscapeRight";
				INFOPLIST_KEY_UISupportedInterfaceOrientations_iPhone = "UIInterfaceOrientationPortrait UIInterfaceOrientationLandscapeLeft UIInterfaceOrientationLandscapeRight";
				LD_RUNPATH_SEARCH_PATHS = (
					"$(inherited)",
					"@executable_path/Frameworks",
				);
				MARKETING_VERSION = 1.0;
				PRODUCT_BUNDLE_IDENTIFIER = "asdasd.platzi-swiftui-uikit";
				PRODUCT_NAME = "$(TARGET_NAME)";
				SWIFT_EMIT_LOC_STRINGS = YES;
				SWIFT_VERSION = 5.0;
				TARGETED_DEVICE_FAMILY = "1,2";
			};
			name = Release;
		};
		13531BD02E5C7A9B002A85BB /* Debug */ = {
			isa = XCBuildConfiguration;
			buildSettings = {
				BUNDLE_LOADER = "$(TEST_HOST)";
				CODE_SIGN_STYLE = Automatic;
				CURRENT_PROJECT_VERSION = 1;
				GENERATE_INFOPLIST_FILE = YES;
				IPHONEOS_DEPLOYMENT_TARGET = 18.5;
				MARKETING_VERSION = 1.0;
				PRODUCT_BUNDLE_IDENTIFIER = "asdasd.platzi-swiftui-uikitTests";
				PRODUCT_NAME = "$(TARGET_NAME)";
				SWIFT_EMIT_LOC_STRINGS = NO;
				SWIFT_VERSION = 5.0;
				TARGETED_DEVICE_FAMILY = "1,2";
				TEST_HOST = "$(BUILT_PRODUCTS_DIR)/platzi_swiftui_uikit.app/$(BUNDLE_EXECUTABLE_FOLDER_PATH)/platzi_swiftui_uikit";
			};
			name = Debug;
		};
		13531BD12E5C7A9B002A85BB /* Release */ = {
			isa = XCBuildConfiguration;
			buildSettings = {
				BUNDLE_LOADER = "$(TEST_HOST)";
				CODE_SIGN_STYLE = Automatic;
				CURRENT_PROJECT_VERSION = 1;
				GENERATE_INFOPLIST_FILE = YES;
				IPHONEOS_DEPLOYMENT_TARGET = 18.5;
				MARKETING_VERSION = 1.0;
				PRODUCT_BUNDLE_IDENTIFIER = "asdasd.platzi-swiftui-uikitTests";
				PRODUCT_NAME = "$(TARGET_NAME)";
				SWIFT_EMIT_LOC_STRINGS = NO;
				SWIFT_VERSION = 5.0;
				TARGETED_DEVICE_FAMILY = "1,2";
				TEST_HOST = "$(BUILT_PRODUCTS_DIR)/platzi_swiftui_uikit.app/$(BUNDLE_EXECUTABLE_FOLDER_PATH)/platzi_swiftui_uikit";
			};
			name = Release;
		};
		13531BD32E5C7A9B002A85BB /* Debug */ = {
			isa = XCBuildConfiguration;
			buildSettings = {
				CODE_SIGN_STYLE = Automatic;
				CURRENT_PROJECT_VERSION = 1;
				GENERATE_INFOPLIST_FILE = YES;
				MARKETING_VERSION = 1.0;
				PRODUCT_BUNDLE_IDENTIFIER = "asdasd.platzi-swiftui-uikitUITests";
				PRODUCT_NAME = "$(TARGET_NAME)";
				SWIFT_EMIT_LOC_STRINGS = NO;
				SWIFT_VERSION = 5.0;
				TARGETED_DEVICE_FAMILY = "1,2";
				TEST_TARGET_NAME = platzi_swiftui_uikit;
			};
			name = Debug;
		};
		13531BD42E5C7A9B002A85BB /* Release */ = {
			isa = XCBuildConfiguration;
			buildSettings = {
				CODE_SIGN_STYLE = Automatic;
				CURRENT_PROJECT_VERSION = 1;
				GENERATE_INFOPLIST_FILE = YES;
				MARKETING_VERSION = 1.0;
				PRODUCT_BUNDLE_IDENTIFIER = "asdasd.platzi-swiftui-uikitUITests";
				PRODUCT_NAME = "$(TARGET_NAME)";
				SWIFT_EMIT_LOC_STRINGS = NO;
				SWIFT_VERSION = 5.0;
				TARGETED_DEVICE_FAMILY = "1,2";
				TEST_TARGET_NAME = platzi_swiftui_uikit;
			};
			name = Release;
		};
/* End XCBuildConfiguration section */

/* Begin XCConfigurationList section */
		13531BA62E5C7A99002A85BB /* Build configuration list for PBXProject "platzi_swiftui_uikit" */ = {
			isa = XCConfigurationList;
			buildConfigurations = (
				13531BCA2E5C7A9B002A85BB /* Debug */,
				13531BCB2E5C7A9B002A85BB /* Release */,
			);
			defaultConfigurationIsVisible = 0;
			defaultConfigurationName = Release;
		};
		13531BCC2E5C7A9B002A85BB /* Build configuration list for PBXNativeTarget "platzi_swiftui_uikit" */ = {
			isa = XCConfigurationList;
			buildConfigurations = (
				13531BCD2E5C7A9B002A85BB /* Debug */,
				13531BCE2E5C7A9B002A85BB /* Release */,
			);
			defaultConfigurationIsVisible = 0;
			defaultConfigurationName = Release;
		};
		13531BCF2E5C7A9B002A85BB /* Build configuration list for PBXNativeTarget "platzi_swiftui_uikitTests" */ = {
			isa = XCConfigurationList;
			buildConfigurations = (
				13531BD02E5C7A9B002A85BB /* Debug */,
				13531BD12E5C7A9B002A85BB /* Release */,
			);
			defaultConfigurationIsVisible = 0;
			defaultConfigurationName = Release;
		};
		13531BD22E5C7A9B002A85BB /* Build configuration list for PBXNativeTarget "platzi_swiftui_uikitUITests" */ = {
			isa = XCConfigurationList;
			buildConfigurations = (
				13531BD32E5C7A9B002A85BB /* Debug */,
				13531BD42E5C7A9B002A85BB /* Release */,
			);
			defaultConfigurationIsVisible = 0;
			defaultConfigurationName = Release;
		};
/* End XCConfigurationList section */
	};
	rootObject = 13531BA32E5C7A99002A85BB /* Project object */;
}
